
Microsoft Visual Studio Solution File, Format Version 12.00
# Visual Studio Version 16
VisualStudioVersion = 16.0.31129.286
MinimumVisualStudioVersion = 10.0.40219.1
Project("{FAE04EC0-301F-11D3-BF4B-00C04F79EFBC}") = "JSONLL", "JSONLL.csproj", "{4458E1C3-8741-4315-93CD-7115EB5DB818}"
EndProject
Global
	GlobalSection(SolutionConfigurationPlatforms) = preSolution
		Debug|Any CPU = Debug|Any CPU
		Release|Any CPU = Release|Any CPU
	EndGlobalSection
	GlobalSection(ProjectConfigurationPlatforms) = postSolution
		{4458E1C3-8741-4315-93CD-7115EB5DB818}.Debug|Any CPU.ActiveCfg = Debug|Any CPU
		{4458E1C3-8741-4315-93CD-7115EB5DB818}.Debug|Any CPU.Build.0 = Debug|Any CPU
		{4458E1C3-8741-4315-93CD-7115EB5DB818}.Release|Any CPU.ActiveCfg = Release|Any CPU
		{4458E1C3-8741-4315-93CD-7115EB5DB818}.Release|Any CPU.Build.0 = Release|Any CPU
	EndGlobalSection
	GlobalSection(SolutionProperties) = preSolution
		HideSolutionNode = FALSE
	EndGlobalSection
	GlobalSection(ExtensibilityGlobals) = postSolution
		SolutionGuid = {CE48F437-A050-4FCC-9B2E-EF649A8C824A}
	EndGlobalSection
EndGlobal
